
Microsoft Visual Studio Solution File, Format Version 12.00
Project("{FAE04EC0-301F-11D3-BF4B-00C04F79EFBC}") = "HardDrive", "HardDrive\HardDrive.csproj", "{198531AC-7A95-4F79-9369-06DAA9A5A60C}"
EndProject
Global
	GlobalSection(SolutionConfigurationPlatforms) = preSolution
		Debug|Any CPU = Debug|Any CPU
		Release|Any CPU = Release|Any CPU
	EndGlobalSection
	GlobalSection(ProjectConfigurationPlatforms) = postSolution
		{198531AC-7A95-4F79-9369-06DAA9A5A60C}.Debug|Any CPU.ActiveCfg = Debug|Any CPU
		{198531AC-7A95-4F79-9369-06DAA9A5A60C}.Debug|Any CPU.Build.0 = Debug|Any CPU
		{198531AC-7A95-4F79-9369-06DAA9A5A60C}.Release|Any CPU.ActiveCfg = Release|Any CPU
		{198531AC-7A95-4F79-9369-06DAA9A5A60C}.Release|Any CPU.Build.0 = Release|Any CPU
	EndGlobalSection
EndGlobal
